
Microsoft Visual Studio Solution File, Format Version 12.00
# Visual Studio Version 16
VisualStudioVersion = 16.0.34114.132
MinimumVisualStudioVersion = 10.0.40219.1
Project("{FAE04EC0-301F-11D3-BF4B-00C04F79EFBC}") = "Test GITHUB with visual studio", "Test GITHUB with visual studio\Test GITHUB with visual studio.csproj", "{D7F23293-35C2-42B0-BDF8-F645C9A728E5}"
EndProject
Global
	GlobalSection(SolutionConfigurationPlatforms) = preSolution
		Debug|Any CPU = Debug|Any CPU
		Release|Any CPU = Release|Any CPU
	EndGlobalSection
	GlobalSection(ProjectConfigurationPlatforms) = postSolution
		{D7F23293-35C2-42B0-BDF8-F645C9A728E5}.Debug|Any CPU.ActiveCfg = Debug|Any CPU
		{D7F23293-35C2-42B0-BDF8-F645C9A728E5}.Debug|Any CPU.Build.0 = Debug|Any CPU
		{D7F23293-35C2-42B0-BDF8-F645C9A728E5}.Release|Any CPU.ActiveCfg = Release|Any CPU
		{D7F23293-35C2-42B0-BDF8-F645C9A728E5}.Release|Any CPU.Build.0 = Release|Any CPU
	EndGlobalSection
	GlobalSection(SolutionProperties) = preSolution
		HideSolutionNode = FALSE
	EndGlobalSection
	GlobalSection(ExtensibilityGlobals) = postSolution
		SolutionGuid = {56429128-1A59-4CEE-B3A3-4874906A5BF8}
	EndGlobalSection
EndGlobal
